
Microsoft Visual Studio Solution File, Format Version 12.00
# Visual Studio Version 17
VisualStudioVersion = 17.0.32112.339
MinimumVisualStudioVersion = 10.0.40219.1
Project("{9A19103F-16F7-4668-BE54-9A1E7A4F7556}") = "Tuya.Net", "Tuya.Net\Tuya.Net.csproj", "{7F105800-1972-40B3-8803-955E65512649}"
EndProject
Project("{FAE04EC0-301F-11D3-BF4B-00C04F79EFBC}") = "Tuya.Net.Tests", "Tuya.Net.Tests\Tuya.Net.Tests.csproj", "{E0AC2CB6-B3B0-467F-85F5-C797E1437C10}"
EndProject
Global
	GlobalSection(SolutionConfigurationPlatforms) = preSolution
		Debug|Any CPU = Debug|Any CPU
		Release|Any CPU = Release|Any CPU
	EndGlobalSection
	GlobalSection(ProjectConfigurationPlatforms) = postSolution
		{7F105800-1972-40B3-8803-955E65512649}.Debug|Any CPU.ActiveCfg = Debug|Any CPU
		{7F105800-1972-40B3-8803-955E65512649}.Debug|Any CPU.Build.0 = Debug|Any CPU
		{7F105800-1972-40B3-8803-955E65512649}.Release|Any CPU.ActiveCfg = Release|Any CPU
		{7F105800-1972-40B3-8803-955E65512649}.Release|Any CPU.Build.0 = Release|Any CPU
		{E0AC2CB6-B3B0-467F-85F5-C797E1437C10}.Debug|Any CPU.ActiveCfg = Debug|Any CPU
		{E0AC2CB6-B3B0-467F-85F5-C797E1437C10}.Debug|Any CPU.Build.0 = Debug|Any CPU
		{E0AC2CB6-B3B0-467F-85F5-C797E1437C10}.Release|Any CPU.ActiveCfg = Release|Any CPU
		{E0AC2CB6-B3B0-467F-85F5-C797E1437C10}.Release|Any CPU.Build.0 = Release|Any CPU
	EndGlobalSection
	GlobalSection(SolutionProperties) = preSolution
		HideSolutionNode = FALSE
	EndGlobalSection
	GlobalSection(ExtensibilityGlobals) = postSolution
		SolutionGuid = {DFC4B1A4-7D0F-405E-B232-57A860BBBD85}
	EndGlobalSection
EndGlobal
